Microsoft Visual Studio Solution File, Format Version 12.00
# Visual Studio Version 17
VisualStudioVersion = 17.5.2.0
MinimumVisualStudioVersion = 10.0.40219.1
Project("{FAE04EC0-301F-11D3-BF4B-00C04F79EFBC}") = "StrongboxDD", "StrongboxDD.csproj", "{DD0332E9-A1E9-8CF4-ADDE-6B3ED16070EF}"
EndProject
Global
	GlobalSection(SolutionConfigurationPlatforms) = preSolution
		Debug|Any CPU = Debug|Any CPU
		Release|Any CPU = Release|Any CPU
	EndGlobalSection
	GlobalSection(ProjectConfigurationPlatforms) = postSolution
		{DD0332E9-A1E9-8CF4-ADDE-6B3ED16070EF}.Debug|Any CPU.ActiveCfg = Debug|Any CPU
		{DD0332E9-A1E9-8CF4-ADDE-6B3ED16070EF}.Debug|Any CPU.Build.0 = Debug|Any CPU
		{DD0332E9-A1E9-8CF4-ADDE-6B3ED16070EF}.Release|Any CPU.ActiveCfg = Release|Any CPU
		{DD0332E9-A1E9-8CF4-ADDE-6B3ED16070EF}.Release|Any CPU.Build.0 = Release|Any CPU
	EndGlobalSection
	GlobalSection(SolutionProperties) = preSolution
		HideSolutionNode = FALSE
	EndGlobalSection
	GlobalSection(ExtensibilityGlobals) = postSolution
		SolutionGuid = {F99CED9B-A5B5-484C-8513-619C56CD0F44}
	EndGlobalSection
EndGlobal
